{
  "name": "chatgptapi",
  "lockfileVersion": 2,
  "requires": true,
  "packages": {
    "": {
      "dependencies": {
        "@heroicons/react": "^2.0.16",
        "heroicons": "^2.0.16"
      }
    },
    "node_modules/@heroicons/react": {
      "version": "2.0.16",
      "resolved": "https://registry.npmjs.org/@heroicons/react/-/react-2.0.16.tgz",
      "integrity": "sha512-x89rFxH3SRdYaA+JCXwfe+RkE1SFTo9GcOkZettHer71Y3T7V+ogKmfw5CjTazgS3d0ClJ7p1NA+SP7VQLQcLw==",
      "peerDependencies": {
        "react": ">= 16"
      }
    },
    "node_modules/heroicons": {
      "version": "2.0.16",
      "resolved": "https://registry.npmjs.org/heroicons/-/heroicons-2.0.16.tgz",
      "integrity": "sha512-UhFYoJkROAS61zSRHDsLu1DEsfT1wn5gMR2AXRJSKGcwGdPovY2BsAOO763uXq/MCNVLzSpcpniNU24T/vwqUQ=="
    }
  },
  "dependencies": {
    "@heroicons/react": {
      "version": "2.0.16",
      "resolved": "https://registry.npmjs.org/@heroicons/react/-/react-2.0.16.tgz",
      "integrity": "sha512-x89rFxH3SRdYaA+JCXwfe+RkE1SFTo9GcOkZettHer71Y3T7V+ogKmfw5CjTazgS3d0ClJ7p1NA+SP7VQLQcLw=="
    },
    "heroicons": {
      "version": "2.0.16",
      "resolved": "https://registry.npmjs.org/heroicons/-/heroicons-2.0.16.tgz",
      "integrity": "sha512-UhFYoJkROAS61zSRHDsLu1DEsfT1wn5gMR2AXRJSKGcwGdPovY2BsAOO763uXq/MCNVLzSpcpniNU24T/vwqUQ=="
    }
  }
}
